
Microsoft Visual Studio Solution File, Format Version 12.00
# Visual Studio Version 16
VisualStudioVersion = 16.0.33214.272
MinimumVisualStudioVersion = 10.0.40219.1
Project("{FAE04EC0-301F-11D3-BF4B-00C04F79EFBC}") = "DateMe", "DateMe\DateMe.csproj", "{661C1F22-5DC3-4FE7-9DAC-E3F6CF697D73}"
EndProject
Global
	GlobalSection(SolutionConfigurationPlatforms) = preSolution
		Debug|Any CPU = Debug|Any CPU
		Release|Any CPU = Release|Any CPU
	EndGlobalSection
	GlobalSection(ProjectConfigurationPlatforms) = postSolution
		{661C1F22-5DC3-4FE7-9DAC-E3F6CF697D73}.Debug|Any CPU.ActiveCfg = Debug|Any CPU
		{661C1F22-5DC3-4FE7-9DAC-E3F6CF697D73}.Debug|Any CPU.Build.0 = Debug|Any CPU
		{661C1F22-5DC3-4FE7-9DAC-E3F6CF697D73}.Release|Any CPU.ActiveCfg = Release|Any CPU
		{661C1F22-5DC3-4FE7-9DAC-E3F6CF697D73}.Release|Any CPU.Build.0 = Release|Any CPU
	EndGlobalSection
	GlobalSection(SolutionProperties) = preSolution
		HideSolutionNode = FALSE
	EndGlobalSection
	GlobalSection(ExtensibilityGlobals) = postSolution
		SolutionGuid = {BC435971-C272-46F5-A594-F28AF8EDF90C}
	EndGlobalSection
EndGlobal
